// !$*UTF8*$!
{
	archiveVersion = 1;
	classes = {
	};
	objectVersion = 46;
	objects = {

/* Begin PBXBuildFile section */
		17FC77AB1EC3CA5E002686E8 /* AppDelegate.swift in Sources */ = {isa = PBXBuildFile; fileRef = 17FC77AA1EC3CA5E002686E8 /* AppDelegate.swift */; };
		17FC77AD1EC3CA5E002686E8 /* ViewController.swift in Sources */ = {isa = PBXBuildFile; fileRef = 17FC77AC1EC3CA5E002686E8 /* ViewController.swift */; };
		17FC77B01EC3CA5F002686E8 /* Main.storyboard in Resources */ = {isa = PBXBuildFile; fileRef = 17FC77AE1EC3CA5F002686E8 /* Main.storyboard */; };
		17FC77B31EC3CA5F002686E8 /* iSaldos.xcdatamodeld in Sources */ = {isa = PBXBuildFile; fileRef = 17FC77B11EC3CA5F002686E8 /* iSaldos.xcdatamodeld */; };
		17FC77B51EC3CA5F002686E8 /* Assets.xcassets in Resources */ = {isa = PBXBuildFile; fileRef = 17FC77B41EC3CA5F002686E8 /* Assets.xcassets */; };
		17FC77B81EC3CA5F002686E8 /* LaunchScreen.storyboard in Resources */ = {isa = PBXBuildFile; fileRef = 17FC77B61EC3CA5F002686E8 /* LaunchScreen.storyboard */; };
/* End PBXBuildFile section */

/* Begin PBXFileReference section */
		17FC77A71EC3CA5E002686E8 /* iSaldos.app */ = {isa = PBXFileReference; explicitFileType = wrapper.application; includeInIndex = 0; path = iSaldos.app; sourceTree = BUILT_PRODUCTS_DIR; };
		17FC77AA1EC3CA5E002686E8 /* AppDelegate.swift */ = {isa = PBXFileReference; lastKnownFileType = sourcecode.swift; path = AppDelegate.swift; sourceTree = "<group>"; };
		17FC77AC1EC3CA5E002686E8 /* ViewController.swift */ = {isa = PBXFileReference; lastKnownFileType = sourcecode.swift; path = ViewController.swift; sourceTree = "<group>"; };
		17FC77AF1EC3CA5F002686E8 /* Base */ = {isa = PBXFileReference; lastKnownFileType = file.storyboard; name = Base; path = Base.lproj/Main.storyboard; sourceTree = "<group>"; };
		17FC77B21EC3CA5F002686E8 /* iSaldos.xcdatamodel */ = {isa = PBXFileReference; lastKnownFileType = wrapper.xcdatamodel; path = iSaldos.xcdatamodel; sourceTree = "<group>"; };
		17FC77B41EC3CA5F002686E8 /* Assets.xcassets */ = {isa = PBXFileReference; lastKnownFileType = folder.assetcatalog; path = Assets.xcassets; sourceTree = "<group>"; };
		17FC77B71EC3CA5F002686E8 /* Base */ = {isa = PBXFileReference; lastKnownFileType = file.storyboard; name = Base; path = Base.lproj/LaunchScreen.storyboard; sourceTree = "<group>"; };
		17FC77B91EC3CA5F002686E8 /* Info.plist */ = {isa = PBXFileReference; lastKnownFileType = text.plist.xml; path = Info.plist; sourceTree = "<group>"; };
/* End PBXFileReference section */

/* Begin PBXFrameworksBuildPhase section */
		17FC77A41EC3CA5E002686E8 /* Frameworks */ = {
			isa = PBXFrameworksBuildPhase;
			buildActionMask = 2147483647;
			files = (
			);
			runOnlyForDeploymentPostprocessing = 0;
		};
/* End PBXFrameworksBuildPhase section */

/* Begin PBXGroup section */
		17FC779E1EC3CA5E002686E8 = {
			isa = PBXGroup;
			children = (
				17FC77A91EC3CA5E002686E8 /* iSaldos */,
				17FC77A81EC3CA5E002686E8 /* Products */,
			);
			sourceTree = "<group>";
		};
		17FC77A81EC3CA5E002686E8 /* Products */ = {
			isa = PBXGroup;
			children = (
				17FC77A71EC3CA5E002686E8 /* iSaldos.app */,
			);
			name = Products;
			sourceTree = "<group>";
		};
		17FC77A91EC3CA5E002686E8 /* iSaldos */ = {
			isa = PBXGroup;
			children = (
				17FC77AA1EC3CA5E002686E8 /* AppDelegate.swift */,
				17FC77AC1EC3CA5E002686E8 /* ViewController.swift */,
				17FC77AE1EC3CA5F002686E8 /* Main.storyboard */,
				17FC77B41EC3CA5F002686E8 /* Assets.xcassets */,
				17FC77B61EC3CA5F002686E8 /* LaunchScreen.storyboard */,
				17FC77B91EC3CA5F002686E8 /* Info.plist */,
				17FC77B11EC3CA5F002686E8 /* iSaldos.xcdatamodeld */,
			);
			path = iSaldos;
			sourceTree = "<group>";
		};
/* End PBXGroup section */

/* Begin PBXNativeTarget section */
		17FC77A61EC3CA5E002686E8 /* iSaldos */ = {
			isa = PBXNativeTarget;
			buildConfigurationList = 17FC77BC1EC3CA5F002686E8 /* Build configuration list for PBXNativeTarget "iSaldos" */;
			buildPhases = (
				17FC77A31EC3CA5E002686E8 /* Sources */,
				17FC77A41EC3CA5E002686E8 /* Frameworks */,
				17FC77A51EC3CA5E002686E8 /* Resources */,
			);
			buildRules = (
			);
			dependencies = (
			);
			name = iSaldos;
			productName = iSaldos;
			productReference = 17FC77A71EC3CA5E002686E8 /* iSaldos.app */;
			productType = "com.apple.product-type.application";
		};
/* End PBXNativeTarget section */

/* Begin PBXProject section */
		17FC779F1EC3CA5E002686E8 /* Project object */ = {
			isa = PBXProject;
			attributes = {
				LastSwiftUpdateCheck = 0830;
				LastUpgradeCheck = 0830;
				ORGANIZATIONNAME = "Jorge Moñiz";
				TargetAttributes = {
					17FC77A61EC3CA5E002686E8 = {
						CreatedOnToolsVersion = 8.3.2;
						ProvisioningStyle = Automatic;
					};
				};
			};
			buildConfigurationList = 17FC77A21EC3CA5E002686E8 /* Build configuration list for PBXProject "iSaldos" */;
			compatibilityVersion = "Xcode 3.2";
			developmentRegion = English;
			hasScannedForEncodings = 0;
			knownRegions = (
				en,
				Base,
			);
			mainGroup = 17FC779E1EC3CA5E002686E8;
			productRefGroup = 17FC77A81EC3CA5E002686E8 /* Products */;
			projectDirPath = "";
			projectRoot = "";
			targets = (
				17FC77A61EC3CA5E002686E8 /* iSaldos */,
			);
		};
/* End PBXProject section */

/* Begin PBXResourcesBuildPhase section */
		17FC77A51EC3CA5E002686E8 /* Resources */ = {
			isa = PBXResourcesBuildPhase;
			buildActionMask = 2147483647;
			files = (
				17FC77B81EC3CA5F002686E8 /* LaunchScreen.storyboard in Resources */,
				17FC77B51EC3CA5F002686E8 /* Assets.xcassets in Resources */,
				17FC77B01EC3CA5F002686E8 /* Main.storyboard in Resources */,
			);
			runOnlyForDeploymentPostprocessing = 0;
		};
/* End PBXResourcesBuildPhase section */

/* Begin PBXSourcesBuildPhase section */
		17FC77A31EC3CA5E002686E8 /* Sources */ = {
			isa = PBXSourcesBuildPhase;
			buildActionMask = 2147483647;
			files = (
				17FC77AD1EC3CA5E002686E8 /* ViewController.swift in Sources */,
				17FC77B31EC3CA5F002686E8 /* iSaldos.xcdatamodeld in Sources */,
				17FC77AB1EC3CA5E002686E8 /* AppDelegate.swift in Sources */,
			);
			runOnlyForDeploymentPostprocessing = 0;
		};
/* End PBXSourcesBuildPhase section */

/* Begin PBXVariantGroup section */
		17FC77AE1EC3CA5F002686E8 /* Main.storyboard */ = {
			isa = PBXVariantGroup;
			children = (
				17FC77AF1EC3CA5F002686E8 /* Base */,
			);
			name = Main.storyboard;
			sourceTree = "<group>";
		};
		17FC77B61EC3CA5F002686E8 /* LaunchScreen.storyboard */ = {
			isa = PBXVariantGroup;
			children = (
				17FC77B71EC3CA5F002686E8 /* Base */,
			);
			name = LaunchScreen.storyboard;
			sourceTree = "<group>";
		};
/* End PBXVariantGroup section */

/* Begin XCBuildConfiguration section */
		17FC77BA1EC3CA5F002686E8 /* Debug */ = {
			isa = XCBuildConfiguration;
			buildSettings = {
				ALWAYS_SEARCH_USER_PATHS = NO;
				CLANG_ANALYZER_NONNULL = YES;
				CLANG_ANALYZER_NUMBER_OBJECT_CONVERSION = YES_AGGRESSIVE;
				CLANG_CXX_LANGUAGE_STANDARD = "gnu++0x";
				CLANG_CXX_LIBRARY = "libc++";
				CLANG_ENABLE_MODULES = YES;
				CLANG_ENABLE_OBJC_ARC = YES;
				CLANG_WARN_BOOL_CONVERSION = YES;
				CLANG_WARN_CONSTANT_CONVERSION = YES;
				CLANG_WARN_DIRECT_OBJC_ISA_USAGE = YES_ERROR;
				CLANG_WARN_DOCUMENTATION_COMMENTS = YES;
				CLANG_WARN_EMPTY_BODY = YES;
				CLANG_WARN_ENUM_CONVERSION = YES;
				CLANG_WARN_INFINITE_RECURSION = YES;
				CLANG_WARN_INT_CONVERSION = YES;
				CLANG_WARN_OBJC_ROOT_CLASS = YES_ERROR;
				CLANG_WARN_SUSPICIOUS_MOVE = YES;
				CLANG_WARN_UNREACHABLE_CODE = YES;
				CLANG_WARN__DUPLICATE_METHOD_MATCH = YES;
				"CODE_SIGN_IDENTITY[sdk=iphoneos*]" = "iPhone Developer";
				COPY_PHASE_STRIP = NO;
				DEBUG_INFORMATION_FORMAT = dwarf;
				ENABLE_STRICT_OBJC_MSGSEND = YES;
				ENABLE_TESTABILITY = YES;
				GCC_C_LANGUAGE_STANDARD = gnu99;
				GCC_DYNAMIC_NO_PIC = NO;
				GCC_NO_COMMON_BLOCKS = YES;
				GCC_OPTIMIZATION_LEVEL = 0;
				GCC_PREPROCESSOR_DEFINITIONS = (
					"DEBUG=1",
					"$(inherited)",
				);
				GCC_WARN_64_TO_32_BIT_CONVERSION = YES;
				GCC_WARN_ABOUT_RETURN_TYPE = YES_ERROR;
				GCC_WARN_UNDECLARED_SELECTOR = YES;
				GCC_WARN_UNINITIALIZED_AUTOS = YES_AGGRESSIVE;
				GCC_WARN_UNUSED_FUNCTION = YES;
				GCC_WARN_UNUSED_VARIABLE = YES;
				IPHONEOS_DEPLOYMENT_TARGET = 10.3;
				MTL_ENABLE_DEBUG_INFO = YES;
				ONLY_ACTIVE_ARCH = YES;
				SDKROOT = iphoneos;
				SWIFT_ACTIVE_COMPILATION_CONDITIONS = DEBUG;
				SWIFT_OPTIMIZATION_LEVEL = "-Onone";
			};
			name = Debug;
		};
		17FC77BB1EC3CA5F002686E8 /* Release */ = {
			isa = XCBuildConfiguration;
			buildSettings = {
				ALWAYS_SEARCH_USER_PATHS = NO;
				CLANG_ANALYZER_NONNULL = YES;
				CLANG_ANALYZER_NUMBER_OBJECT_CONVERSION = YES_AGGRESSIVE;
				CLANG_CXX_LANGUAGE_STANDARD = "gnu++0x";
				CLANG_CXX_LIBRARY = "libc++";
				CLANG_ENABLE_MODULES = YES;
				CLANG_ENABLE_OBJC_ARC = YES;
				CLANG_WARN_BOOL_CONVERSION = YES;
				CLANG_WARN_CONSTANT_CONVERSION = YES;
				CLANG_WARN_DIRECT_OBJC_ISA_USAGE = YES_ERROR;
				CLANG_WARN_DOCUMENTATION_COMMENTS = YES;
				CLANG_WARN_EMPTY_BODY = YES;
				CLANG_WARN_ENUM_CONVERSION = YES;
				CLANG_WARN_INFINITE_RECURSION = YES;
				CLANG_WARN_INT_CONVERSION = YES;
				CLANG_WARN_OBJC_ROOT_CLASS = YES_ERROR;
				CLANG_WARN_SUSPICIOUS_MOVE = YES;
				CLANG_WARN_UNREACHABLE_CODE = YES;
				CLANG_WARN__DUPLICATE_METHOD_MATCH = YES;
				"CODE_SIGN_IDENTITY[sdk=iphoneos*]" = "iPhone Developer";
				COPY_PHASE_STRIP = NO;
				DEBUG_INFORMATION_FORMAT = "dwarf-with-dsym";
				ENABLE_NS_ASSERTIONS = NO;
				ENABLE_STRICT_OBJC_MSGSEND = YES;
				GCC_C_LANGUAGE_STANDARD = gnu99;
				GCC_NO_COMMON_BLOCKS = YES;
				GCC_WARN_64_TO_32_BIT_CONVERSION = YES;
				GCC_WARN_ABOUT_RETURN_TYPE = YES_ERROR;
				GCC_WARN_UNDECLARED_SELECTOR = YES;
				GCC_WARN_UNINITIALIZED_AUTOS = YES_AGGRESSIVE;
				GCC_WARN_UNUSED_FUNCTION = YES;
				GCC_WARN_UNUSED_VARIABLE = YES;
				IPHONEOS_DEPLOYMENT_TARGET = 10.3;
				MTL_ENABLE_DEBUG_INFO = NO;
				SDKROOT = iphoneos;
				SWIFT_OPTIMIZATION_LEVEL = "-Owholemodule";
				VALIDATE_PRODUCT = YES;
			};
			name = Release;
		};
		17FC77BD1EC3CA5F002686E8 /* Debug */ = {
			isa = XCBuildConfiguration;
			buildSettings = {
				ASSETCATALOG_COMPILER_APPICON_NAME = AppIcon;
				INFOPLIST_FILE = iSaldos/Info.plist;
				LD_RUNPATH_SEARCH_PATHS = "$(inherited) @executable_path/Frameworks";
				PRODUCT_BUNDLE_IDENTIFIER = com.jorgemoniz.iSaldos;
				PRODUCT_NAME = "$(TARGET_NAME)";
				SWIFT_VERSION = 3.0;
			};
			name = Debug;
		};
		17FC77BE1EC3CA5F002686E8 /* Release */ = {
			isa = XCBuildConfiguration;
			buildSettings = {
				ASSETCATALOG_COMPILER_APPICON_NAME = AppIcon;
				INFOPLIST_FILE = iSaldos/Info.plist;
				LD_RUNPATH_SEARCH_PATHS = "$(inherited) @executable_path/Frameworks";
				PRODUCT_BUNDLE_IDENTIFIER = com.jorgemoniz.iSaldos;
				PRODUCT_NAME = "$(TARGET_NAME)";
				SWIFT_VERSION = 3.0;
			};
			name = Release;
		};
/* End XCBuildConfiguration section */

/* Begin XCConfigurationList section */
		17FC77A21EC3CA5E002686E8 /* Build configuration list for PBXProject "iSaldos" */ = {
			isa = XCConfigurationList;
			buildConfigurations = (
				17FC77BA1EC3CA5F002686E8 /* Debug */,
				17FC77BB1EC3CA5F002686E8 /* Release */,
			);
			defaultConfigurationIsVisible = 0;
			defaultConfigurationName = Release;
		};
		17FC77BC1EC3CA5F002686E8 /* Build configuration list for PBXNativeTarget "iSaldos" */ = {
			isa = XCConfigurationList;
			buildConfigurations = (
				17FC77BD1EC3CA5F002686E8 /* Debug */,
				17FC77BE1EC3CA5F002686E8 /* Release */,
			);
			defaultConfigurationIsVisible = 0;
		};
/* End XCConfigurationList section */

/* Begin XCVersionGroup section */
		17FC77B11EC3CA5F002686E8 /* iSaldos.xcdatamodeld */ = {
			isa = XCVersionGroup;
			children = (
				17FC77B21EC3CA5F002686E8 /* iSaldos.xcdatamodel */,
			);
			currentVersion = 17FC77B21EC3CA5F002686E8 /* iSaldos.xcdatamodel */;
			path = iSaldos.xcdatamodeld;
			sourceTree = "<group>";
			versionGroupType = wrapper.xcdatamodel;
		};
/* End XCVersionGroup section */
	};
	rootObject = 17FC779F1EC3CA5E002686E8 /* Project object */;
}
